
Microsoft Visual Studio Solution File, Format Version 12.00
# Visual Studio 2012
Project("{FAE04EC0-301F-11D3-BF4B-00C04F79EFBC}") = "cizelgeProje", "cizelgeProje\cizelgeProje.csproj", "{99B6AE0E-A2A4-410C-9AE1-A7FA5076747C}"
EndProject
Global
	GlobalSection(SolutionConfigurationPlatforms) = preSolution
		Debug|Any CPU = Debug|Any CPU
		Debug|x86 = Debug|x86
		Release|Any CPU = Release|Any CPU
		Release|x86 = Release|x86
	EndGlobalSection
	GlobalSection(ProjectConfigurationPlatforms) = postSolution
		{99B6AE0E-A2A4-410C-9AE1-A7FA5076747C}.Debug|Any CPU.ActiveCfg = Debug|Any CPU
		{99B6AE0E-A2A4-410C-9AE1-A7FA5076747C}.Debug|Any CPU.Build.0 = Debug|Any CPU
		{99B6AE0E-A2A4-410C-9AE1-A7FA5076747C}.Debug|x86.ActiveCfg = Debug|Any CPU
		{99B6AE0E-A2A4-410C-9AE1-A7FA5076747C}.Release|Any CPU.ActiveCfg = Release|Any CPU
		{99B6AE0E-A2A4-410C-9AE1-A7FA5076747C}.Release|Any CPU.Build.0 = Release|Any CPU
		{99B6AE0E-A2A4-410C-9AE1-A7FA5076747C}.Release|x86.ActiveCfg = Release|Any CPU
	EndGlobalSection
	GlobalSection(SolutionProperties) = preSolution
		HideSolutionNode = FALSE
	EndGlobalSection
EndGlobal
